PODS:
  - Bolts (1.5.1):
    - Bolts/AppLinks (= 1.5.1)
    - Bolts/Tasks (= 1.5.1)
  - Bolts/AppLinks (1.5.1):
    - Bolts/Tasks
  - Bolts/Tasks (1.5.1)
  - FBSDKCoreKit (4.9.0-beta2):
    - Bolts (~> 1.5)
  - FBSDKLoginKit (4.9.0-beta2):
    - FBSDKCoreKit (~> 4.9.0-beta)
  - Parse (1.11.0):
    - Bolts/Tasks (~> 1.5)
  - ParseFacebookUtilsV4 (1.10.0):
    - Bolts/Tasks (>= 1.5)
    - FBSDKCoreKit (~> 4.9.0-beta)
    - FBSDKLoginKit (~> 4.9.0-beta)
    - FBSDKTVOSKit (~> 4.9.0-beta)
    - Parse (~> 1.11)
  - ParseTwitterUtils (1.9.1):
    - Bolts/Tasks (~> 1.5)
    - Parse (~> 1.9)
  - ParseUI (1.1.7):
    - Bolts/Tasks (~> 1.3)
    - Parse (~> 1.9)

DEPENDENCIES:
  - ParseFacebookUtilsV4
  - ParseTwitterUtils
  - ParseUI (from `.`)

EXTERNAL SOURCES:
  ParseUI:
    :path: .

SPEC CHECKSUMS:
  Bolts: a12663244b1d3351c738882e71902fc74db54f64
  FBSDKCoreKit: d49cbf69741e3c5732166ec9ff4cbd9b288dd53e
  FBSDKLoginKit: d32e83c0d2d39ef74a942543cacae2dc4de7d088
  Parse: 886af46a0a677402f6374bb97ac212e795f70afe
  ParseFacebookUtilsV4: 3cd2d2d69653bad40c8c58131b935c353a0f3f15
  ParseTwitterUtils: 41e8849e37db471e874c6e515190ded19e043dc8
  ParseUI: c2bcdfbb00330e464b5b773266ae221697a3bb7b

COCOAPODS: 0.39.0
