PODS:
  - Bolts (1.5.0):
    - Bolts/AppLinks (= 1.5.0)
    - Bolts/Tasks (= 1.5.0)
  - Bolts/AppLinks (1.5.0):
    - Bolts/Tasks
  - Bolts/Tasks (1.5.0)
  - FBSDKCoreKit (4.8.0):
    - Bolts (~> 1.1)
    - FBSDKCoreKit/arc (= 4.8.0)
    - FBSDKCoreKit/no-arc (= 4.8.0)
  - FBSDKCoreKit/arc (4.8.0):
    - Bolts (~> 1.1)
  - FBSDKCoreKit/no-arc (4.8.0):
    - Bolts (~> 1.1)
    - FBSDKCoreKit/arc
  - FBSDKLoginKit (4.8.0):
    - FBSDKCoreKit
  - Parse (1.10.0):
    - Bolts/Tasks (~> 1.5)
  - ParseFacebookUtilsV4 (1.9.1):
    - Bolts/Tasks (>= 1.5)
    - FBSDKCoreKit (~> 4.8)
    - FBSDKLoginKit (~> 4.8)
    - Parse (~> 1.9)
  - ParseTwitterUtils (1.9.1):
    - Bolts/Tasks (~> 1.5)
    - Parse (~> 1.9)
  - ParseUI (1.1.7):
    - Bolts/Tasks (~> 1.3)
    - Parse (~> 1.9)

DEPENDENCIES:
  - ParseFacebookUtilsV4
  - ParseTwitterUtils
  - ParseUI (from `.`)

EXTERNAL SOURCES:
  ParseUI:
    :path: "."

SPEC CHECKSUMS:
  Bolts: 722ab9a4f8b50fc4ed1b9998a5a7a2b3f16d80b4
  FBSDKCoreKit: 66a935d17b6e00b6b64e604f2eb9b72c9ab7deb8
  FBSDKLoginKit: d893fcbb98d854496925e9ff73c67b896982d3c4
  Parse: 90b2544822200f84b18bfacc4e8b0a3a6c3584a2
  ParseFacebookUtilsV4: eab9b4ade12f0800b4d30f6b808bca55ce17a0e9
  ParseTwitterUtils: 41e8849e37db471e874c6e515190ded19e043dc8
  ParseUI: c2bcdfbb00330e464b5b773266ae221697a3bb7b

COCOAPODS: 0.39.0
